# @generated by Move, please check-in and do not edit manually.

[move]
version = 3
manifest_digest = "685785910ADE7E837AB7209BC453C8CEE3232E384641D481923F027AAFD37F85"
deps_digest = "F8BBB0CCB2491CA29A3DF03D6F92277A4F3574266507ACD77214D37ECA3F3082"
dependencies = [
  { id = "Sui", name = "Sui" },
]

[[move.package]]
id = "MoveStdlib"
source = { git = "https://github.com/MystenLabs/sui.git", rev = "framework/testnet", subdir = "crates/sui-framework/packages/move-stdlib" }

[[move.package]]
id = "Sui"
source = { git = "https://github.com/MystenLabs/sui.git", rev = "framework/testnet", subdir = "crates/sui-framework/packages/sui-framework" }

dependencies = [
  { id = "MoveStdlib", name = "MoveStdlib" },
]

[move.toolchain-version]
compiler-version = "1.59.0"
edition = "2024.beta"
flavor = "sui"

[env]

[env.testnet]
chain-id = "4c78adac"
original-published-id = "0x74995641a3d72177fa7c9d28660b6ec84b22aa6fb3e30a8df3148632e40a04bc"
latest-published-id = "0x74995641a3d72177fa7c9d28660b6ec84b22aa6fb3e30a8df3148632e40a04bc"
published-version = "1"
